
Microsoft Visual Studio Solution File, Format Version 12.00
# Visual Studio Version 17
VisualStudioVersion = 17.3.32929.385
MinimumVisualStudioVersion = 10.0.40219.1
Project("{E24C65DC-7377-472B-9ABA-BC803B73C61A}") = "MyNewWebsite", ".", "{BE1807D8-2FAB-4E21-BE8D-6F3A69AC8D75}"
	ProjectSection(WebsiteProperties) = preProject
		TargetFrameworkMoniker = ".NETFramework,Version%3Dv4.8"
		Debug.AspNetCompiler.VirtualPath = "/localhost_26245"
		Debug.AspNetCompiler.PhysicalPath = "..\MyNewWebsite\"
		Debug.AspNetCompiler.TargetPath = "PrecompiledWeb\localhost_26245\"
		Debug.AspNetCompiler.Updateable = "true"
		Debug.AspNetCompiler.ForceOverwrite = "true"
		Debug.AspNetCompiler.FixedNames = "false"
		Debug.AspNetCompiler.Debug = "True"
		Release.AspNetCompiler.VirtualPath = "/localhost_26245"
		Release.AspNetCompiler.PhysicalPath = "..\MyNewWebsite\"
		Release.AspNetCompiler.TargetPath = "PrecompiledWeb\localhost_26245\"
		Release.AspNetCompiler.Updateable = "true"
		Release.AspNetCompiler.ForceOverwrite = "true"
		Release.AspNetCompiler.FixedNames = "false"
		Release.AspNetCompiler.Debug = "False"
		VWDPort = "26245"
		SlnRelativePath = "..\MyNewWebsite\"
		DefaultWebSiteLanguage = "Visual C#"
	EndProjectSection
EndProject
Global
	GlobalSection(SolutionConfigurationPlatforms) = preSolution
		Debug|Any CPU = Debug|Any CPU
	EndGlobalSection
	GlobalSection(ProjectConfigurationPlatforms) = postSolution
		{BE1807D8-2FAB-4E21-BE8D-6F3A69AC8D75}.Debug|Any CPU.ActiveCfg = Debug|Any CPU
		{BE1807D8-2FAB-4E21-BE8D-6F3A69AC8D75}.Debug|Any CPU.Build.0 = Debug|Any CPU
	EndGlobalSection
	GlobalSection(SolutionProperties) = preSolution
		HideSolutionNode = FALSE
	EndGlobalSection
	GlobalSection(ExtensibilityGlobals) = postSolution
		SolutionGuid = {BBD8327F-3B01-42A5-9CA9-C2145AB41ECC}
	EndGlobalSection
EndGlobal
